<?xml version="1.0" encoding="utf-8"?>
<Project ToolsVersion="14.0" xmlns="http://schemas.microsoft.com/developer/msbuild/2003">
  <ItemGroup>
    <Filter Include="Resource Files">
      <UniqueIdentifier>{67DA6AB6-F800-4c08-8B7A-83BB121AAD01}</UniqueIdentifier>
      <Extensions>rc;ico;cur;bmp;dlg;rc2;rct;bin;rgs;gif;jpg;jpeg;jpe;resx;tga;tiff;tif;png;wav;mfcribbon-ms</Extensions>
    </Filter>
    <Filter Include="Headers">
      <UniqueIdentifier>{44938cf2-80f1-430e-ada0-651d079a8e3a}</UniqueIdentifier>
    </Filter>
    <Filter Include="Cpps">
      <UniqueIdentifier>{2be37734-1d70-4ccc-a27b-b181c0a98df7}</UniqueIdentifier>
    </Filter>
  </ItemGroup>
  <ItemGroup>
    <ClCompile Include="CustomAllocators.cpp" />
    <ClCompile Include="pch.cpp" />
    <ClCompile Include="Allocator.cpp">
      <Filter>Cpps</Filter>
    </ClCompile>
    <ClCompile Include="StackAllocator.cpp" />
  </ItemGroup>
  <ItemGroup>
    <ClInclude Include="CustomAllocators.h" />
    <ClInclude Include="pch.h" />
    <ClInclude Include="targetver.h" />
    <ClInclude Include="Allocator.h">
      <Filter>Headers</Filter>
    </ClInclude>
    <ClInclude Include="StackAllocator.h">
      <Filter>Headers</Filter>
    </ClInclude>
  </ItemGroup>
</Project>